
Microsoft Visual Studio Solution File, Format Version 12.00
# Visual Studio 2013
VisualStudioVersion = 12.0.31101.0
MinimumVisualStudioVersion = 10.0.40219.1
Project("{8BC9CEB8-8B4A-11D0-8D11-00A0C91BC942}") = "DbgEngine", "DbgEngine\DbgEngine.vcxproj", "{0F2F3695-4D1E-4A87-8613-E0ACADF7FC19}"
	ProjectSection(ProjectDependencies) = postProject
		{8F3FE293-D9B1-4C72-BB96-155AF4A8910B} = {8F3FE293-D9B1-4C72-BB96-155AF4A8910B}
	EndProjectSection
EndProject
Project("{2150E333-8FDC-42A3-9474-1A3956D46DE8}") = "Plugins", "Plugins", "{1E407115-2BDD-450F-BC2B-531DB030CD87}"
EndProject
Project("{8BC9CEB8-8B4A-11D0-8D11-00A0C91BC942}") = "pldbgcmds", "pldbgcmds\pldbgcmds.vcxproj", "{E3176AF9-4A1D-43B6-9A5E-B2E5C50D3F32}"
	ProjectSection(ProjectDependencies) = postProject
		{0F2F3695-4D1E-4A87-8613-E0ACADF7FC19} = {0F2F3695-4D1E-4A87-8613-E0ACADF7FC19}
	EndProjectSection
EndProject
Project("{8BC9CEB8-8B4A-11D0-8D11-00A0C91BC942}") = "WinDbgTool", "WinDbgUITest\WinDbgUITest.vcxproj", "{FB0F3440-F6D5-457D-A248-294DB4EF1080}"
	ProjectSection(ProjectDependencies) = postProject
		{3AD8CC48-9221-480A-9B11-FAA7A54FC340} = {3AD8CC48-9221-480A-9B11-FAA7A54FC340}
		{8F3FE293-D9B1-4C72-BB96-155AF4A8910B} = {8F3FE293-D9B1-4C72-BB96-155AF4A8910B}
	EndProjectSection
EndProject
Project("{8BC9CEB8-8B4A-11D0-8D11-00A0C91BC942}") = "pldbgview", "pldbgview\pldbgview.vcxproj", "{06ADAA52-4F3D-4C5A-97E1-764BC9BB9349}"
	ProjectSection(ProjectDependencies) = postProject
		{3AD8CC48-9221-480A-9B11-FAA7A54FC340} = {3AD8CC48-9221-480A-9B11-FAA7A54FC340}
		{8F3FE293-D9B1-4C72-BB96-155AF4A8910B} = {8F3FE293-D9B1-4C72-BB96-155AF4A8910B}
		{0F2F3695-4D1E-4A87-8613-E0ACADF7FC19} = {0F2F3695-4D1E-4A87-8613-E0ACADF7FC19}
	EndProjectSection
EndProject
Project("{2150E333-8FDC-42A3-9474-1A3956D46DE8}") = "Basic", "Basic", "{078F6566-7DD3-465D-94B2-C383EFF2A6B5}"
EndProject
Project("{2150E333-8FDC-42A3-9474-1A3956D46DE8}") = "Managed", "Managed", "{79E2AA02-565C-4BF4-93B9-0D86ABA41A97}"
EndProject
Project("{8BC9CEB8-8B4A-11D0-8D11-00A0C91BC942}") = "pldbgmcmds", "pldbgmcmds\pldbgmcmds.vcxproj", "{40AFF4E7-E220-4048-B0FC-C3E7153F3AE5}"
	ProjectSection(ProjectDependencies) = postProject
		{0F2F3695-4D1E-4A87-8613-E0ACADF7FC19} = {0F2F3695-4D1E-4A87-8613-E0ACADF7FC19}
	EndProjectSection
EndProject
Project("{8BC9CEB8-8B4A-11D0-8D11-00A0C91BC942}") = "pldbgmview", "pldbgmview\pldbgmview.vcxproj", "{B3330370-D9B9-4310-805F-C1ADF9861C43}"
	ProjectSection(ProjectDependencies) = postProject
		{3AD8CC48-9221-480A-9B11-FAA7A54FC340} = {3AD8CC48-9221-480A-9B11-FAA7A54FC340}
		{06ADAA52-4F3D-4C5A-97E1-764BC9BB9349} = {06ADAA52-4F3D-4C5A-97E1-764BC9BB9349}
		{8F3FE293-D9B1-4C72-BB96-155AF4A8910B} = {8F3FE293-D9B1-4C72-BB96-155AF4A8910B}
		{0F2F3695-4D1E-4A87-8613-E0ACADF7FC19} = {0F2F3695-4D1E-4A87-8613-E0ACADF7FC19}
		{40AFF4E7-E220-4048-B0FC-C3E7153F3AE5} = {40AFF4E7-E220-4048-B0FC-C3E7153F3AE5}
	EndProjectSection
EndProject
Project("{2150E333-8FDC-42A3-9474-1A3956D46DE8}") = "Solution Items", "Solution Items", "{7DF489E3-6D00-4CB2-B37F-F9028C72F69E}"
	ProjectSection(SolutionItems) = preProject
		readme.txt = readme.txt
	EndProjectSection
EndProject
Project("{2150E333-8FDC-42A3-9474-1A3956D46DE8}") = "model-libs", "model-libs", "{DDA179C0-7A32-44E1-A087-562E41BD5F43}"
EndProject
Project("{8BC9CEB8-8B4A-11D0-8D11-00A0C91BC942}") = "objmdl", "model-libs\objmdl\ObjMdl.vcxproj", "{8F3FE293-D9B1-4C72-BB96-155AF4A8910B}"
EndProject
Project("{8BC9CEB8-8B4A-11D0-8D11-00A0C91BC942}") = "viewmdl", "model-libs\viewmdl\ViewMdl.vcxproj", "{3AD8CC48-9221-480A-9B11-FAA7A54FC340}"
EndProject
Global
	GlobalSection(SolutionConfigurationPlatforms) = preSolution
		Debug|Mixed Platforms = Debug|Mixed Platforms
		Debug|Win32 = Debug|Win32
		Debug|x64 = Debug|x64
		Release|Mixed Platforms = Release|Mixed Platforms
		Release|Win32 = Release|Win32
		Release|x64 = Release|x64
	EndGlobalSection
	GlobalSection(ProjectConfigurationPlatforms) = postSolution
		{0F2F3695-4D1E-4A87-8613-E0ACADF7FC19}.Debug|Mixed Platforms.ActiveCfg = Debug|Win32
		{0F2F3695-4D1E-4A87-8613-E0ACADF7FC19}.Debug|Mixed Platforms.Build.0 = Debug|Win32
		{0F2F3695-4D1E-4A87-8613-E0ACADF7FC19}.Debug|Win32.ActiveCfg = Debug|Win32
		{0F2F3695-4D1E-4A87-8613-E0ACADF7FC19}.Debug|Win32.Build.0 = Debug|Win32
		{0F2F3695-4D1E-4A87-8613-E0ACADF7FC19}.Debug|x64.ActiveCfg = Debug|x64
		{0F2F3695-4D1E-4A87-8613-E0ACADF7FC19}.Debug|x64.Build.0 = Debug|x64
		{0F2F3695-4D1E-4A87-8613-E0ACADF7FC19}.Release|Mixed Platforms.ActiveCfg = Release|Win32
		{0F2F3695-4D1E-4A87-8613-E0ACADF7FC19}.Release|Mixed Platforms.Build.0 = Release|Win32
		{0F2F3695-4D1E-4A87-8613-E0ACADF7FC19}.Release|Win32.ActiveCfg = Release|Win32
		{0F2F3695-4D1E-4A87-8613-E0ACADF7FC19}.Release|Win32.Build.0 = Release|Win32
		{0F2F3695-4D1E-4A87-8613-E0ACADF7FC19}.Release|x64.ActiveCfg = Release|x64
		{0F2F3695-4D1E-4A87-8613-E0ACADF7FC19}.Release|x64.Build.0 = Release|x64
		{E3176AF9-4A1D-43B6-9A5E-B2E5C50D3F32}.Debug|Mixed Platforms.ActiveCfg = Debug|Win32
		{E3176AF9-4A1D-43B6-9A5E-B2E5C50D3F32}.Debug|Mixed Platforms.Build.0 = Debug|Win32
		{E3176AF9-4A1D-43B6-9A5E-B2E5C50D3F32}.Debug|Win32.ActiveCfg = Debug|Win32
		{E3176AF9-4A1D-43B6-9A5E-B2E5C50D3F32}.Debug|Win32.Build.0 = Debug|Win32
		{E3176AF9-4A1D-43B6-9A5E-B2E5C50D3F32}.Debug|x64.ActiveCfg = Debug|x64
		{E3176AF9-4A1D-43B6-9A5E-B2E5C50D3F32}.Debug|x64.Build.0 = Debug|x64
		{E3176AF9-4A1D-43B6-9A5E-B2E5C50D3F32}.Release|Mixed Platforms.ActiveCfg = Release|Win32
		{E3176AF9-4A1D-43B6-9A5E-B2E5C50D3F32}.Release|Mixed Platforms.Build.0 = Release|Win32
		{E3176AF9-4A1D-43B6-9A5E-B2E5C50D3F32}.Release|Win32.ActiveCfg = Release|Win32
		{E3176AF9-4A1D-43B6-9A5E-B2E5C50D3F32}.Release|Win32.Build.0 = Release|Win32
		{E3176AF9-4A1D-43B6-9A5E-B2E5C50D3F32}.Release|x64.ActiveCfg = Release|x64
		{E3176AF9-4A1D-43B6-9A5E-B2E5C50D3F32}.Release|x64.Build.0 = Release|x64
		{FB0F3440-F6D5-457D-A248-294DB4EF1080}.Debug|Mixed Platforms.ActiveCfg = Debug|Win32
		{FB0F3440-F6D5-457D-A248-294DB4EF1080}.Debug|Mixed Platforms.Build.0 = Debug|Win32
		{FB0F3440-F6D5-457D-A248-294DB4EF1080}.Debug|Win32.ActiveCfg = Debug|Win32
		{FB0F3440-F6D5-457D-A248-294DB4EF1080}.Debug|Win32.Build.0 = Debug|Win32
		{FB0F3440-F6D5-457D-A248-294DB4EF1080}.Debug|x64.ActiveCfg = Debug|x64
		{FB0F3440-F6D5-457D-A248-294DB4EF1080}.Debug|x64.Build.0 = Debug|x64
		{FB0F3440-F6D5-457D-A248-294DB4EF1080}.Release|Mixed Platforms.ActiveCfg = Release|Win32
		{FB0F3440-F6D5-457D-A248-294DB4EF1080}.Release|Mixed Platforms.Build.0 = Release|Win32
		{FB0F3440-F6D5-457D-A248-294DB4EF1080}.Release|Win32.ActiveCfg = Release|Win32
		{FB0F3440-F6D5-457D-A248-294DB4EF1080}.Release|Win32.Build.0 = Release|Win32
		{FB0F3440-F6D5-457D-A248-294DB4EF1080}.Release|x64.ActiveCfg = Release|x64
		{FB0F3440-F6D5-457D-A248-294DB4EF1080}.Release|x64.Build.0 = Release|x64
		{06ADAA52-4F3D-4C5A-97E1-764BC9BB9349}.Debug|Mixed Platforms.ActiveCfg = Debug|Win32
		{06ADAA52-4F3D-4C5A-97E1-764BC9BB9349}.Debug|Mixed Platforms.Build.0 = Debug|Win32
		{06ADAA52-4F3D-4C5A-97E1-764BC9BB9349}.Debug|Win32.ActiveCfg = Debug|Win32
		{06ADAA52-4F3D-4C5A-97E1-764BC9BB9349}.Debug|Win32.Build.0 = Debug|Win32
		{06ADAA52-4F3D-4C5A-97E1-764BC9BB9349}.Debug|x64.ActiveCfg = Debug|x64
		{06ADAA52-4F3D-4C5A-97E1-764BC9BB9349}.Debug|x64.Build.0 = Debug|x64
		{06ADAA52-4F3D-4C5A-97E1-764BC9BB9349}.Release|Mixed Platforms.ActiveCfg = Release|Win32
		{06ADAA52-4F3D-4C5A-97E1-764BC9BB9349}.Release|Mixed Platforms.Build.0 = Release|Win32
		{06ADAA52-4F3D-4C5A-97E1-764BC9BB9349}.Release|Win32.ActiveCfg = Release|Win32
		{06ADAA52-4F3D-4C5A-97E1-764BC9BB9349}.Release|Win32.Build.0 = Release|Win32
		{06ADAA52-4F3D-4C5A-97E1-764BC9BB9349}.Release|x64.ActiveCfg = Release|x64
		{06ADAA52-4F3D-4C5A-97E1-764BC9BB9349}.Release|x64.Build.0 = Release|x64
		{40AFF4E7-E220-4048-B0FC-C3E7153F3AE5}.Debug|Mixed Platforms.ActiveCfg = Debug|Win32
		{40AFF4E7-E220-4048-B0FC-C3E7153F3AE5}.Debug|Mixed Platforms.Build.0 = Debug|Win32
		{40AFF4E7-E220-4048-B0FC-C3E7153F3AE5}.Debug|Win32.ActiveCfg = Debug|Win32
		{40AFF4E7-E220-4048-B0FC-C3E7153F3AE5}.Debug|Win32.Build.0 = Debug|Win32
		{40AFF4E7-E220-4048-B0FC-C3E7153F3AE5}.Debug|x64.ActiveCfg = Debug|x64
		{40AFF4E7-E220-4048-B0FC-C3E7153F3AE5}.Debug|x64.Build.0 = Debug|x64
		{40AFF4E7-E220-4048-B0FC-C3E7153F3AE5}.Release|Mixed Platforms.ActiveCfg = Release|Win32
		{40AFF4E7-E220-4048-B0FC-C3E7153F3AE5}.Release|Mixed Platforms.Build.0 = Release|Win32
		{40AFF4E7-E220-4048-B0FC-C3E7153F3AE5}.Release|Win32.ActiveCfg = Release|Win32
		{40AFF4E7-E220-4048-B0FC-C3E7153F3AE5}.Release|Win32.Build.0 = Release|Win32
		{40AFF4E7-E220-4048-B0FC-C3E7153F3AE5}.Release|x64.ActiveCfg = Release|x64
		{40AFF4E7-E220-4048-B0FC-C3E7153F3AE5}.Release|x64.Build.0 = Release|x64
		{B3330370-D9B9-4310-805F-C1ADF9861C43}.Debug|Mixed Platforms.ActiveCfg = Debug|Win32
		{B3330370-D9B9-4310-805F-C1ADF9861C43}.Debug|Mixed Platforms.Build.0 = Debug|Win32
		{B3330370-D9B9-4310-805F-C1ADF9861C43}.Debug|Win32.ActiveCfg = Debug|Win32
		{B3330370-D9B9-4310-805F-C1ADF9861C43}.Debug|Win32.Build.0 = Debug|Win32
		{B3330370-D9B9-4310-805F-C1ADF9861C43}.Debug|x64.ActiveCfg = Debug|x64
		{B3330370-D9B9-4310-805F-C1ADF9861C43}.Debug|x64.Build.0 = Debug|x64
		{B3330370-D9B9-4310-805F-C1ADF9861C43}.Release|Mixed Platforms.ActiveCfg = Release|Win32
		{B3330370-D9B9-4310-805F-C1ADF9861C43}.Release|Mixed Platforms.Build.0 = Release|Win32
		{B3330370-D9B9-4310-805F-C1ADF9861C43}.Release|Win32.ActiveCfg = Release|Win32
		{B3330370-D9B9-4310-805F-C1ADF9861C43}.Release|Win32.Build.0 = Release|Win32
		{B3330370-D9B9-4310-805F-C1ADF9861C43}.Release|x64.ActiveCfg = Release|x64
		{B3330370-D9B9-4310-805F-C1ADF9861C43}.Release|x64.Build.0 = Release|x64
		{8F3FE293-D9B1-4C72-BB96-155AF4A8910B}.Debug|Mixed Platforms.ActiveCfg = Debug|Win32
		{8F3FE293-D9B1-4C72-BB96-155AF4A8910B}.Debug|Mixed Platforms.Build.0 = Debug|Win32
		{8F3FE293-D9B1-4C72-BB96-155AF4A8910B}.Debug|Win32.ActiveCfg = Debug|Win32
		{8F3FE293-D9B1-4C72-BB96-155AF4A8910B}.Debug|Win32.Build.0 = Debug|Win32
		{8F3FE293-D9B1-4C72-BB96-155AF4A8910B}.Debug|x64.ActiveCfg = Debug|x64
		{8F3FE293-D9B1-4C72-BB96-155AF4A8910B}.Debug|x64.Build.0 = Debug|x64
		{8F3FE293-D9B1-4C72-BB96-155AF4A8910B}.Release|Mixed Platforms.ActiveCfg = Release|Win32
		{8F3FE293-D9B1-4C72-BB96-155AF4A8910B}.Release|Mixed Platforms.Build.0 = Release|Win32
		{8F3FE293-D9B1-4C72-BB96-155AF4A8910B}.Release|Win32.ActiveCfg = Release|Win32
		{8F3FE293-D9B1-4C72-BB96-155AF4A8910B}.Release|Win32.Build.0 = Release|Win32
		{8F3FE293-D9B1-4C72-BB96-155AF4A8910B}.Release|x64.ActiveCfg = Release|x64
		{8F3FE293-D9B1-4C72-BB96-155AF4A8910B}.Release|x64.Build.0 = Release|x64
		{3AD8CC48-9221-480A-9B11-FAA7A54FC340}.Debug|Mixed Platforms.ActiveCfg = Debug|Win32
		{3AD8CC48-9221-480A-9B11-FAA7A54FC340}.Debug|Mixed Platforms.Build.0 = Debug|Win32
		{3AD8CC48-9221-480A-9B11-FAA7A54FC340}.Debug|Win32.ActiveCfg = Debug|Win32
		{3AD8CC48-9221-480A-9B11-FAA7A54FC340}.Debug|Win32.Build.0 = Debug|Win32
		{3AD8CC48-9221-480A-9B11-FAA7A54FC340}.Debug|x64.ActiveCfg = Debug|x64
		{3AD8CC48-9221-480A-9B11-FAA7A54FC340}.Debug|x64.Build.0 = Debug|x64
		{3AD8CC48-9221-480A-9B11-FAA7A54FC340}.Release|Mixed Platforms.ActiveCfg = Release|Win32
		{3AD8CC48-9221-480A-9B11-FAA7A54FC340}.Release|Mixed Platforms.Build.0 = Release|Win32
		{3AD8CC48-9221-480A-9B11-FAA7A54FC340}.Release|Win32.ActiveCfg = Release|Win32
		{3AD8CC48-9221-480A-9B11-FAA7A54FC340}.Release|Win32.Build.0 = Release|Win32
		{3AD8CC48-9221-480A-9B11-FAA7A54FC340}.Release|x64.ActiveCfg = Release|x64
		{3AD8CC48-9221-480A-9B11-FAA7A54FC340}.Release|x64.Build.0 = Release|x64
	EndGlobalSection
	GlobalSection(SolutionProperties) = preSolution
		HideSolutionNode = FALSE
	EndGlobalSection
	GlobalSection(NestedProjects) = preSolution
		{E3176AF9-4A1D-43B6-9A5E-B2E5C50D3F32} = {078F6566-7DD3-465D-94B2-C383EFF2A6B5}
		{06ADAA52-4F3D-4C5A-97E1-764BC9BB9349} = {078F6566-7DD3-465D-94B2-C383EFF2A6B5}
		{078F6566-7DD3-465D-94B2-C383EFF2A6B5} = {1E407115-2BDD-450F-BC2B-531DB030CD87}
		{79E2AA02-565C-4BF4-93B9-0D86ABA41A97} = {1E407115-2BDD-450F-BC2B-531DB030CD87}
		{40AFF4E7-E220-4048-B0FC-C3E7153F3AE5} = {79E2AA02-565C-4BF4-93B9-0D86ABA41A97}
		{B3330370-D9B9-4310-805F-C1ADF9861C43} = {79E2AA02-565C-4BF4-93B9-0D86ABA41A97}
		{8F3FE293-D9B1-4C72-BB96-155AF4A8910B} = {DDA179C0-7A32-44E1-A087-562E41BD5F43}
		{3AD8CC48-9221-480A-9B11-FAA7A54FC340} = {DDA179C0-7A32-44E1-A087-562E41BD5F43}
	EndGlobalSection
EndGlobal
