<?xml version="1.0" encoding="utf-8"?>
<Project ToolsVersion="4.0" xmlns="http://schemas.microsoft.com/developer/msbuild/2003">
  <ItemGroup>
    <Filter Include="Source Files">
      <UniqueIdentifier>{4FC737F1-C7A5-4376-A066-2A32D752A2FF}</UniqueIdentifier>
      <Extensions>cpp;c;cc;cxx;def;odl;idl;hpj;bat;asm;asmx</Extensions>
    </Filter>
    <Filter Include="Header Files">
      <UniqueIdentifier>{93995380-89BD-4b04-88EB-625FBE52EBFB}</UniqueIdentifier>
      <Extensions>h;hpp;hxx;hm;inl;inc;xsd</Extensions>
    </Filter>
    <Filter Include="Resource Files">
      <UniqueIdentifier>{67DA6AB6-F800-4c08-8B7A-83BB121AAD01}</UniqueIdentifier>
      <Extensions>rc;ico;cur;bmp;dlg;rc2;rct;bin;rgs;gif;jpg;jpeg;jpe;resx;tiff;tif;png;wav;mfcribbon-ms</Extensions>
    </Filter>
    <Filter Include="Generated Files">
      <UniqueIdentifier>{4bf6d0d0-cb79-4ea2-a391-3f93ba399838}</UniqueIdentifier>
      <SourceControlFiles>False</SourceControlFiles>
    </Filter>
    <Filter Include="Parsers">
      <UniqueIdentifier>{f7305737-17e2-4082-be2a-27af986d0d59}</UniqueIdentifier>
    </Filter>
    <Filter Include="Parsers\Empty">
      <UniqueIdentifier>{5fdc2690-8d21-4365-96fa-e7e299974802}</UniqueIdentifier>
    </Filter>
    <Filter Include="Include">
      <UniqueIdentifier>{2a37aff6-d565-4c2f-bc87-e7e199c22cf9}</UniqueIdentifier>
    </Filter>
    <Filter Include="Services">
      <UniqueIdentifier>{9a1691de-acae-409d-99af-7a38d1040900}</UniqueIdentifier>
    </Filter>
    <Filter Include="Commands">
      <UniqueIdentifier>{d3b8ad51-e757-4012-8376-deebcc424709}</UniqueIdentifier>
    </Filter>
    <Filter Include="Services\DebugSessionService">
      <UniqueIdentifier>{dc079743-8cf9-497a-90d2-ac620f4b8365}</UniqueIdentifier>
    </Filter>
  </ItemGroup>
  <ItemGroup>
    <ClCompile Include="stdafx.cpp">
      <Filter>Source Files</Filter>
    </ClCompile>
    <ClCompile Include="pldbgcmds.cpp">
      <Filter>Source Files</Filter>
    </ClCompile>
    <ClCompile Include="dllmain.cpp">
      <Filter>Source Files</Filter>
    </ClCompile>
    <ClCompile Include="xdlldata.c">
      <Filter>Source Files</Filter>
    </ClCompile>
    <ClCompile Include="pldbgcmds_i.c">
      <Filter>Generated Files</Filter>
    </ClCompile>
    <ClCompile Include="EmptyParser.cpp">
      <Filter>Parsers\Empty</Filter>
    </ClCompile>
    <ClCompile Include="PluginDebugCommand.cpp">
      <Filter>Commands</Filter>
    </ClCompile>
    <ClCompile Include="DebugSessionService.cpp">
      <Filter>Services\DebugSessionService</Filter>
    </ClCompile>
    <ClCompile Include="OpenDumpDebugCommand.cpp">
      <Filter>Commands</Filter>
    </ClCompile>
    <ClCompile Include="dbgengine_contract_i.c">
      <Filter>Generated Files</Filter>
    </ClCompile>
    <ClCompile Include="objmdl_contract_i.c">
      <Filter>Generated Files</Filter>
    </ClCompile>
  </ItemGroup>
  <ItemGroup>
    <ClInclude Include="stdafx.h">
      <Filter>Header Files</Filter>
    </ClInclude>
    <ClInclude Include="targetver.h">
      <Filter>Header Files</Filter>
    </ClInclude>
    <ClInclude Include="Resource.h">
      <Filter>Header Files</Filter>
    </ClInclude>
    <ClInclude Include="dllmain.h">
      <Filter>Header Files</Filter>
    </ClInclude>
    <ClInclude Include="xdlldata.h">
      <Filter>Header Files</Filter>
    </ClInclude>
    <ClInclude Include="pldbgcmds_i.h">
      <Filter>Generated Files</Filter>
    </ClInclude>
    <ClInclude Include="PluginTable.h">
      <Filter>Header Files</Filter>
    </ClInclude>
    <ClInclude Include="EmptyParser.h">
      <Filter>Parsers\Empty</Filter>
    </ClInclude>
    <ClInclude Include="Plugins.h">
      <Filter>Include</Filter>
    </ClInclude>
    <ClInclude Include="PluginDebugCommand.h">
      <Filter>Commands</Filter>
    </ClInclude>
    <ClInclude Include="DebugSessionService.h">
      <Filter>Services\DebugSessionService</Filter>
    </ClInclude>
    <ClInclude Include="OpenDumpDebugCommand.h">
      <Filter>Commands</Filter>
    </ClInclude>
    <ClInclude Include="DebugSessionServiceEventSink.h">
      <Filter>Services\DebugSessionService</Filter>
    </ClInclude>
    <ClInclude Include="dbgengine_contract_i.h">
      <Filter>Generated Files</Filter>
    </ClInclude>
    <ClInclude Include="objmdl_contract_i.h">
      <Filter>Generated Files</Filter>
    </ClInclude>
  </ItemGroup>
  <ItemGroup>
    <ResourceCompile Include="pldbgcmds.rc">
      <Filter>Resource Files</Filter>
    </ResourceCompile>
  </ItemGroup>
  <ItemGroup>
    <Text Include="ReadMe.txt" />
  </ItemGroup>
  <ItemGroup>
    <None Include="pldbgcmds.def">
      <Filter>Source Files</Filter>
    </None>
  </ItemGroup>
  <ItemGroup>
    <Midl Include="pldbgcmds.idl">
      <Filter>Source Files</Filter>
    </Midl>
    <Midl Include="pldbgcmds_contract_i.idl">
      <Filter>Include</Filter>
    </Midl>
    <Midl Include="..\ObjMdl\objmdl_contract_i.idl">
      <Filter>Source Files</Filter>
    </Midl>
    <Midl Include="..\DbgEngine\dbgengine_contract_i.idl">
      <Filter>Source Files</Filter>
    </Midl>
  </ItemGroup>
</Project>