<?xml version="1.0" encoding="utf-8"?>
<Project ToolsVersion="4.0" xmlns="http://schemas.microsoft.com/developer/msbuild/2003">
  <ItemGroup>
    <Filter Include="Source Files">
      <UniqueIdentifier>{4FC737F1-C7A5-4376-A066-2A32D752A2FF}</UniqueIdentifier>
      <Extensions>cpp;c;cc;cxx;def;odl;idl;hpj;bat;asm;asmx</Extensions>
    </Filter>
    <Filter Include="Header Files">
      <UniqueIdentifier>{93995380-89BD-4b04-88EB-625FBE52EBFB}</UniqueIdentifier>
      <Extensions>h;hpp;hxx;hm;inl;inc;xsd</Extensions>
    </Filter>
    <Filter Include="Resource Files">
      <UniqueIdentifier>{67DA6AB6-F800-4c08-8B7A-83BB121AAD01}</UniqueIdentifier>
      <Extensions>rc;ico;cur;bmp;dlg;rc2;rct;bin;rgs;gif;jpg;jpeg;jpe;resx;tiff;tif;png;wav;mfcribbon-ms</Extensions>
    </Filter>
    <Filter Include="Generated Files">
      <UniqueIdentifier>{4407947c-db9f-46a0-9024-69510ab6bc84}</UniqueIdentifier>
      <SourceControlFiles>False</SourceControlFiles>
    </Filter>
    <Filter Include="Include">
      <UniqueIdentifier>{ece33b2a-e334-47cf-808e-70632a5c5849}</UniqueIdentifier>
    </Filter>
  </ItemGroup>
  <ItemGroup>
    <ClCompile Include="stdafx.cpp">
      <Filter>Source Files</Filter>
    </ClCompile>
    <ClCompile Include="DbgEngine.cpp">
      <Filter>Source Files</Filter>
    </ClCompile>
    <ClCompile Include="dllmain.cpp">
      <Filter>Source Files</Filter>
    </ClCompile>
    <ClCompile Include="xdlldata.c">
      <Filter>Source Files</Filter>
    </ClCompile>
    <ClCompile Include="DbgEngine_i.c">
      <Filter>Generated Files</Filter>
    </ClCompile>
    <ClCompile Include="DebugEngine.cpp">
      <Filter>Source Files</Filter>
    </ClCompile>
    <ClCompile Include="DebugSession.cpp">
      <Filter>Source Files</Filter>
    </ClCompile>
    <ClCompile Include="DebugCommand.cpp">
      <Filter>Source Files</Filter>
    </ClCompile>
    <ClCompile Include="PluginTable.cpp">
      <Filter>Source Files</Filter>
    </ClCompile>
    <ClCompile Include="objmdl_contract_i.c">
      <Filter>Generated Files</Filter>
    </ClCompile>
    <ClCompile Include="dbgengine_contract_i.c">
      <Filter>Generated Files</Filter>
    </ClCompile>
  </ItemGroup>
  <ItemGroup>
    <ClInclude Include="stdafx.h">
      <Filter>Header Files</Filter>
    </ClInclude>
    <ClInclude Include="targetver.h">
      <Filter>Header Files</Filter>
    </ClInclude>
    <ClInclude Include="Resource.h">
      <Filter>Header Files</Filter>
    </ClInclude>
    <ClInclude Include="dllmain.h">
      <Filter>Header Files</Filter>
    </ClInclude>
    <ClInclude Include="xdlldata.h">
      <Filter>Header Files</Filter>
    </ClInclude>
    <ClInclude Include="DbgEngine_i.h">
      <Filter>Generated Files</Filter>
    </ClInclude>
    <ClInclude Include="DebugEngine.h">
      <Filter>Header Files</Filter>
    </ClInclude>
    <ClInclude Include="DebugSession.h">
      <Filter>Header Files</Filter>
    </ClInclude>
    <ClInclude Include="DebugCommand.h">
      <Filter>Header Files</Filter>
    </ClInclude>
    <ClInclude Include="Plugins.h">
      <Filter>Include</Filter>
    </ClInclude>
    <ClInclude Include="OutputCallbackSubscriber.h">
      <Filter>Include</Filter>
    </ClInclude>
    <ClInclude Include="PluginTable.h">
      <Filter>Header Files</Filter>
    </ClInclude>
    <ClInclude Include="objmdl_contract_i.h">
      <Filter>Generated Files</Filter>
    </ClInclude>
    <ClInclude Include="dbgengine_contract_i.h">
      <Filter>Generated Files</Filter>
    </ClInclude>
  </ItemGroup>
  <ItemGroup>
    <ResourceCompile Include="DbgEngine.rc">
      <Filter>Resource Files</Filter>
    </ResourceCompile>
  </ItemGroup>
  <ItemGroup>
    <Text Include="ReadMe.txt" />
  </ItemGroup>
  <ItemGroup>
    <None Include="DbgEngine.def">
      <Filter>Source Files</Filter>
    </None>
  </ItemGroup>
  <ItemGroup>
    <Midl Include="DbgEngine.idl">
      <Filter>Source Files</Filter>
    </Midl>
    <Midl Include="dbgengine_contract_i.idl">
      <Filter>Include</Filter>
    </Midl>
    <Midl Include="..\ObjMdl\objmdl_contract_i.idl">
      <Filter>Source Files</Filter>
    </Midl>
  </ItemGroup>
</Project>