<?xml version="1.0" encoding="utf-8"?>
<Project ToolsVersion="4.0" xmlns="http://schemas.microsoft.com/developer/msbuild/2003">
  <ItemGroup>
    <Filter Include="Source Files">
      <UniqueIdentifier>{61342601-cbc4-442e-b3a4-60cfc84a1ac2}</UniqueIdentifier>
      <Extensions>cpp;c;cxx;def;odl;idl;hpj;bat;asm</Extensions>
    </Filter>
    <Filter Include="Header Files">
      <UniqueIdentifier>{c2b14363-aafc-4ac1-9e86-b4ccc28a39c3}</UniqueIdentifier>
      <Extensions>h;hpp;hxx;hm;inl;inc</Extensions>
    </Filter>
    <Filter Include="Resource Files">
      <UniqueIdentifier>{9d0682ed-ebcb-486f-9983-26009fb34b19}</UniqueIdentifier>
      <Extensions>rc;ico;cur;bmp;dlg;rc2;rct;bin;rgs;jpg;jpeg;jpe;manifest</Extensions>
    </Filter>
    <Filter Include="Generated Files">
      <UniqueIdentifier>{d4e29079-c819-46ad-9398-07e6a50dfeec}</UniqueIdentifier>
    </Filter>
  </ItemGroup>
  <ItemGroup>
    <ClCompile Include="stdafx.cpp">
      <Filter>Source Files</Filter>
    </ClCompile>
    <ClCompile Include="WinDbgUITest.cpp">
      <Filter>Source Files</Filter>
    </ClCompile>
    <ClCompile Include="MessageLoopWrapper.cpp">
      <Filter>Source Files</Filter>
    </ClCompile>
    <ClCompile Include="objmdl_contract_i.c">
      <Filter>Generated Files</Filter>
    </ClCompile>
    <ClCompile Include="viewmdl_contract_i.c">
      <Filter>Generated Files</Filter>
    </ClCompile>
    <ClCompile Include="WinDbgUITest_i.c">
      <Filter>Generated Files</Filter>
    </ClCompile>
  </ItemGroup>
  <ItemGroup>
    <ClInclude Include="stdafx.h">
      <Filter>Header Files</Filter>
    </ClInclude>
    <ClInclude Include="resource.h">
      <Filter>Header Files</Filter>
    </ClInclude>
    <ClInclude Include="MessageLoopWrapper.h">
      <Filter>Header Files</Filter>
    </ClInclude>
    <ClInclude Include="objmdl_contract_i.h">
      <Filter>Generated Files</Filter>
    </ClInclude>
    <ClInclude Include="viewmdl_contract_i.h">
      <Filter>Generated Files</Filter>
    </ClInclude>
    <ClInclude Include="WinDbgUITest_i.h">
      <Filter>Generated Files</Filter>
    </ClInclude>
  </ItemGroup>
  <ItemGroup>
    <ResourceCompile Include="WinDbgUITest.rc">
      <Filter>Resource Files</Filter>
    </ResourceCompile>
  </ItemGroup>
  <ItemGroup>
    <Image Include="res\WinDbgUITest1.ico">
      <Filter>Resource Files</Filter>
    </Image>
  </ItemGroup>
  <ItemGroup>
    <Midl Include="WinDbgUITest.idl">
      <Filter>Source Files</Filter>
    </Midl>
    <Midl Include="..\ObjMdl\objmdl_contract_i.idl">
      <Filter>Source Files</Filter>
    </Midl>
    <Midl Include="..\ViewMdl\viewmdl_contract_i.idl">
      <Filter>Source Files</Filter>
    </Midl>
  </ItemGroup>
</Project>